
Microsoft Visual Studio Solution File, Format Version 12.00
# Visual Studio Version 17
VisualStudioVersion = 17.2.32516.85
MinimumVisualStudioVersion = 10.0.40219.1
Project("{FAE04EC0-301F-11D3-BF4B-00C04F79EFBC}") = "MusicTheoryGenerator2.0", "MusicTheoryGenerator2.0\MusicTheoryGenerator2.0.csproj", "{573A54B5-FB3B-42B7-8DAC-EB70899BEB51}"
EndProject
Project("{FAE04EC0-301F-11D3-BF4B-00C04F79EFBC}") = "MusicTheoryGenerator2.0Tests", "MusicTheoryGenerator2.0Tests\MusicTheoryGenerator2.0Tests.csproj", "{46471C59-3C2E-4492-A933-3407E93464A0}"
EndProject
Global
	GlobalSection(SolutionConfigurationPlatforms) = preSolution
		Debug|Any CPU = Debug|Any CPU
		Release|Any CPU = Release|Any CPU
	EndGlobalSection
	GlobalSection(ProjectConfigurationPlatforms) = postSolution
		{573A54B5-FB3B-42B7-8DAC-EB70899BEB51}.Debug|Any CPU.ActiveCfg = Debug|Any CPU
		{573A54B5-FB3B-42B7-8DAC-EB70899BEB51}.Debug|Any CPU.Build.0 = Debug|Any CPU
		{573A54B5-FB3B-42B7-8DAC-EB70899BEB51}.Release|Any CPU.ActiveCfg = Release|Any CPU
		{573A54B5-FB3B-42B7-8DAC-EB70899BEB51}.Release|Any CPU.Build.0 = Release|Any CPU
		{46471C59-3C2E-4492-A933-3407E93464A0}.Debug|Any CPU.ActiveCfg = Debug|Any CPU
		{46471C59-3C2E-4492-A933-3407E93464A0}.Debug|Any CPU.Build.0 = Debug|Any CPU
		{46471C59-3C2E-4492-A933-3407E93464A0}.Release|Any CPU.ActiveCfg = Release|Any CPU
		{46471C59-3C2E-4492-A933-3407E93464A0}.Release|Any CPU.Build.0 = Release|Any CPU
	EndGlobalSection
	GlobalSection(SolutionProperties) = preSolution
		HideSolutionNode = FALSE
	EndGlobalSection
	GlobalSection(ExtensibilityGlobals) = postSolution
		SolutionGuid = {EE251752-C41E-4598-BA23-0F73140BF624}
	EndGlobalSection
EndGlobal
